
Microsoft Visual Studio Solution File, Format Version 12.00
# Visual Studio 14
VisualStudioVersion = 14.0.25420.1
MinimumVisualStudioVersion = 10.0.40219.1
Project("{FAE04EC0-301F-11D3-BF4B-00C04F79EFBC}") = "Editor_projesi", "Editor_projesi\Editor_projesi.csproj", "{5C3A8151-13BB-4BCD-9E7C-4037E6EB3BCF}"
EndProject
Global
	GlobalSection(SolutionConfigurationPlatforms) = preSolution
		Debug|Any CPU = Debug|Any CPU
		Release|Any CPU = Release|Any CPU
	EndGlobalSection
	GlobalSection(ProjectConfigurationPlatforms) = postSolution
		{5C3A8151-13BB-4BCD-9E7C-4037E6EB3BCF}.Debug|Any CPU.ActiveCfg = Debug|Any CPU
		{5C3A8151-13BB-4BCD-9E7C-4037E6EB3BCF}.Debug|Any CPU.Build.0 = Debug|Any CPU
		{5C3A8151-13BB-4BCD-9E7C-4037E6EB3BCF}.Release|Any CPU.ActiveCfg = Release|Any CPU
		{5C3A8151-13BB-4BCD-9E7C-4037E6EB3BCF}.Release|Any CPU.Build.0 = Release|Any CPU
	EndGlobalSection
	GlobalSection(SolutionProperties) = preSolution
		HideSolutionNode = FALSE
	EndGlobalSection
EndGlobal
